
Microsoft Visual Studio Solution File, Format Version 12.00
# Visual Studio 14
VisualStudioVersion = 14.0.25420.1
MinimumVisualStudioVersion = 10.0.40219.1
Project("{2150E333-8FDC-42A3-9474-1A3956D46DE8}") = "src", "src", "{F798756B-D6F9-4BA8-8698-0CC9B363F418}"
EndProject
Project("{2150E333-8FDC-42A3-9474-1A3956D46DE8}") = "Solution Items", "Solution Items", "{0596B707-0F27-4CD3-AB18-58BD3B0F1224}"
	ProjectSection(SolutionItems) = preProject
		global.json = global.json
	EndProjectSection
EndProject
Project("{8BB2217D-0F2D-49D1-97BC-3654ED321F3B}") = "ContactManager", "src\ContactManager\ContactManager.xproj", "{0C689020-38C0-4898-B353-78C498F93B77}"
EndProject
Global
	GlobalSection(SolutionConfigurationPlatforms) = preSolution
		Debug|Any CPU = Debug|Any CPU
		Release|Any CPU = Release|Any CPU
	EndGlobalSection
	GlobalSection(ProjectConfigurationPlatforms) = postSolution
		{0C689020-38C0-4898-B353-78C498F93B77}.Debug|Any CPU.ActiveCfg = Debug|Any CPU
		{0C689020-38C0-4898-B353-78C498F93B77}.Debug|Any CPU.Build.0 = Debug|Any CPU
		{0C689020-38C0-4898-B353-78C498F93B77}.Release|Any CPU.ActiveCfg = Release|Any CPU
		{0C689020-38C0-4898-B353-78C498F93B77}.Release|Any CPU.Build.0 = Release|Any CPU
	EndGlobalSection
	GlobalSection(SolutionProperties) = preSolution
		HideSolutionNode = FALSE
	EndGlobalSection
	GlobalSection(NestedProjects) = preSolution
		{0C689020-38C0-4898-B353-78C498F93B77} = {F798756B-D6F9-4BA8-8698-0CC9B363F418}
	EndGlobalSection
EndGlobal
